<?xml version="1.0" encoding="utf-8"?>
<Project ToolsVersion="4.0" xmlns="http://schemas.microsoft.com/developer/msbuild/2003">
  <ItemGroup>
    <Filter Include="源文件">
      <UniqueIdentifier>{4FC737F1-C7A5-4376-A066-2A32D752A2FF}</UniqueIdentifier>
      <Extensions>cpp;c;cc;cxx;c++;cppm;ixx;def;odl;idl;hpj;bat;asm;asmx</Extensions>
    </Filter>
    <Filter Include="头文件">
      <UniqueIdentifier>{93995380-89BD-4b04-88EB-625FBE52EBFB}</UniqueIdentifier>
      <Extensions>h;hh;hpp;hxx;h++;hm;inl;inc;ipp;xsd</Extensions>
    </Filter>
    <Filter Include="资源文件">
      <UniqueIdentifier>{67DA6AB6-F800-4c08-8B7A-83BB121AAD01}</UniqueIdentifier>
      <Extensions>rc;ico;cur;bmp;dlg;rc2;rct;bin;rgs;gif;jpg;jpeg;jpe;resx;tiff;tif;png;wav;mfcribbon-ms</Extensions>
    </Filter>
    <Filter Include="头文件\D2DKit">
      <UniqueIdentifier>{370f22e3-70f4-4a99-8313-b9c2a0f7cc27}</UniqueIdentifier>
    </Filter>
    <Filter Include="源文件\Object">
      <UniqueIdentifier>{02d9666c-5376-4c2f-8e67-a7810b42b0ae}</UniqueIdentifier>
    </Filter>
    <Filter Include="头文件\Object">
      <UniqueIdentifier>{c0664354-bb05-4f54-a56d-58b9b543ae52}</UniqueIdentifier>
    </Filter>
    <Filter Include="头文件\Material">
      <UniqueIdentifier>{c75320c4-594f-412d-9253-18ba132209fc}</UniqueIdentifier>
    </Filter>
    <Filter Include="头文件\Texture">
      <UniqueIdentifier>{b765dd6b-27a2-4683-9207-50fb8bdb93b3}</UniqueIdentifier>
    </Filter>
    <Filter Include="源文件\Texture">
      <UniqueIdentifier>{2bc7ea23-ea79-47d0-aa2b-fe8939dc9f1f}</UniqueIdentifier>
    </Filter>
    <Filter Include="源文件\Material">
      <UniqueIdentifier>{e556454b-92e4-4412-b377-b99973e94f44}</UniqueIdentifier>
    </Filter>
    <Filter Include="源文件\Camera">
      <UniqueIdentifier>{1da9244a-eee6-4ea7-86ca-7cab6f1b1b5e}</UniqueIdentifier>
    </Filter>
    <Filter Include="头文件\Camera">
      <UniqueIdentifier>{9206a3c0-97bb-43c7-afd9-c80c66b5f78b}</UniqueIdentifier>
    </Filter>
    <Filter Include="头文件\Utils">
      <UniqueIdentifier>{d2f67047-b126-43b2-b780-6a8afd59b93b}</UniqueIdentifier>
    </Filter>
    <Filter Include="源文件\Utils">
      <UniqueIdentifier>{5fc68c7f-441e-48f3-a5e7-bbed9bb9250c}</UniqueIdentifier>
    </Filter>
    <Filter Include="头文件\Represent">
      <UniqueIdentifier>{caac2196-ac76-4a19-9a1c-5f7121a5d233}</UniqueIdentifier>
    </Filter>
    <Filter Include="源文件\Represent">
      <UniqueIdentifier>{f72ff38f-7066-45b2-99c0-32df5cceb571}</UniqueIdentifier>
    </Filter>
    <Filter Include="头文件\Render">
      <UniqueIdentifier>{c6a12c6a-06de-4af0-8c8b-9862d7abfc06}</UniqueIdentifier>
    </Filter>
    <Filter Include="源文件\Render">
      <UniqueIdentifier>{c66fa852-bcd4-4cce-b424-53eb55f20c29}</UniqueIdentifier>
    </Filter>
  </ItemGroup>
  <ItemGroup>
    <ClCompile Include="main.cpp">
      <Filter>源文件</Filter>
    </ClCompile>
    <ClCompile Include="Sphere.cpp">
      <Filter>源文件\Object</Filter>
    </ClCompile>
    <ClCompile Include="Triangle.cpp">
      <Filter>源文件\Object</Filter>
    </ClCompile>
    <ClCompile Include="Union.cpp">
      <Filter>源文件\Object</Filter>
    </ClCompile>
    <ClCompile Include="ConstantMedium.cpp">
      <Filter>源文件\Object</Filter>
    </ClCompile>
    <ClCompile Include="RotateZ.cpp">
      <Filter>源文件\Object</Filter>
    </ClCompile>
    <ClCompile Include="Translate.cpp">
      <Filter>源文件\Object</Filter>
    </ClCompile>
    <ClCompile Include="BVH.cpp">
      <Filter>源文件\Object</Filter>
    </ClCompile>
    <ClCompile Include="Lambertian.cpp">
      <Filter>源文件\Material</Filter>
    </ClCompile>
    <ClCompile Include="Diffuse.cpp">
      <Filter>源文件\Material</Filter>
    </ClCompile>
    <ClCompile Include="Metal.cpp">
      <Filter>源文件\Material</Filter>
    </ClCompile>
    <ClCompile Include="Isotropic.cpp">
      <Filter>源文件\Material</Filter>
    </ClCompile>
    <ClCompile Include="Dielectric.cpp">
      <Filter>源文件\Material</Filter>
    </ClCompile>
    <ClCompile Include="Camera.cpp">
      <Filter>源文件\Camera</Filter>
    </ClCompile>
    <ClCompile Include="AABB.cpp">
      <Filter>源文件\Utils</Filter>
    </ClCompile>
    <ClCompile Include="Math.cpp">
      <Filter>源文件\Utils</Filter>
    </ClCompile>
    <ClCompile Include="Vec2.cpp">
      <Filter>源文件\Utils</Filter>
    </ClCompile>
    <ClCompile Include="Vec3.cpp">
      <Filter>源文件\Utils</Filter>
    </ClCompile>
    <ClCompile Include="DOFCamera.cpp">
      <Filter>源文件\Camera</Filter>
    </ClCompile>
    <ClCompile Include="ImgShow.cpp">
      <Filter>源文件\Represent</Filter>
    </ClCompile>
    <ClCompile Include="PathTracer.cpp">
      <Filter>源文件\Render</Filter>
    </ClCompile>
    <ClCompile Include="Occlusion.cpp">
      <Filter>源文件\Render</Filter>
    </ClCompile>
    <ClCompile Include="TiltShiftCamera.cpp">
      <Filter>源文件\Camera</Filter>
    </ClCompile>
  </ItemGroup>
  <ItemGroup>
    <ClInclude Include="svpng.h">
      <Filter>头文件</Filter>
    </ClInclude>
    <ClInclude Include="D2DKit\Keyboard.h">
      <Filter>头文件\D2DKit</Filter>
    </ClInclude>
    <ClInclude Include="D2DKit\graph.h">
      <Filter>头文件\D2DKit</Filter>
    </ClInclude>
    <ClInclude Include="Common.h">
      <Filter>头文件</Filter>
    </ClInclude>
    <ClInclude Include="Sphere.h">
      <Filter>头文件\Object</Filter>
    </ClInclude>
    <ClInclude Include="Triangle.h">
      <Filter>头文件\Object</Filter>
    </ClInclude>
    <ClInclude Include="Union.h">
      <Filter>头文件\Object</Filter>
    </ClInclude>
    <ClInclude Include="ConstantMedium.h">
      <Filter>头文件\Object</Filter>
    </ClInclude>
    <ClInclude Include="Object.h">
      <Filter>头文件\Object</Filter>
    </ClInclude>
    <ClInclude Include="RotateZ.h">
      <Filter>头文件\Object</Filter>
    </ClInclude>
    <ClInclude Include="Translate.h">
      <Filter>头文件\Object</Filter>
    </ClInclude>
    <ClInclude Include="BVH.h">
      <Filter>头文件\Object</Filter>
    </ClInclude>
    <ClInclude Include="Material.h">
      <Filter>头文件\Material</Filter>
    </ClInclude>
    <ClInclude Include="Texture.h">
      <Filter>头文件\Texture</Filter>
    </ClInclude>
    <ClInclude Include="SolidColor.h">
      <Filter>头文件\Texture</Filter>
    </ClInclude>
    <ClInclude Include="Checker.h">
      <Filter>头文件\Texture</Filter>
    </ClInclude>
    <ClInclude Include="DiffuseLight.h">
      <Filter>头文件\Material</Filter>
    </ClInclude>
    <ClInclude Include="Lambertian.h">
      <Filter>头文件\Material</Filter>
    </ClInclude>
    <ClInclude Include="Diffuse.h">
      <Filter>头文件\Material</Filter>
    </ClInclude>
    <ClInclude Include="Metal.h">
      <Filter>头文件\Material</Filter>
    </ClInclude>
    <ClInclude Include="Isotropic.h">
      <Filter>头文件\Material</Filter>
    </ClInclude>
    <ClInclude Include="Dielectric.h">
      <Filter>头文件\Material</Filter>
    </ClInclude>
    <ClInclude Include="Camera.h">
      <Filter>头文件\Camera</Filter>
    </ClInclude>
    <ClInclude Include="Math.h">
      <Filter>头文件\Utils</Filter>
    </ClInclude>
    <ClInclude Include="Colors.h">
      <Filter>头文件\Utils</Filter>
    </ClInclude>
    <ClInclude Include="Vec2.h">
      <Filter>头文件\Utils</Filter>
    </ClInclude>
    <ClInclude Include="Vec3.h">
      <Filter>头文件\Utils</Filter>
    </ClInclude>
    <ClInclude Include="AABB.h">
      <Filter>头文件\Utils</Filter>
    </ClInclude>
    <ClInclude Include="Ray.h">
      <Filter>头文件\Utils</Filter>
    </ClInclude>
    <ClInclude Include="DOFCamera.h">
      <Filter>头文件\Camera</Filter>
    </ClInclude>
    <ClInclude Include="HitResult.h">
      <Filter>头文件\Utils</Filter>
    </ClInclude>
    <ClInclude Include="ImgShow.h">
      <Filter>头文件\Represent</Filter>
    </ClInclude>
    <ClInclude Include="Render.h">
      <Filter>头文件\Render</Filter>
    </ClInclude>
    <ClInclude Include="PathTracer.h">
      <Filter>头文件\Render</Filter>
    </ClInclude>
    <ClInclude Include="Occlusion.h">
      <Filter>头文件\Render</Filter>
    </ClInclude>
    <ClInclude Include="TiltShiftCamera.h">
      <Filter>头文件\Camera</Filter>
    </ClInclude>
  </ItemGroup>
</Project>