<?xml version="1.0" encoding="utf-8"?>
<Project ToolsVersion="4.0" xmlns="http://schemas.microsoft.com/developer/msbuild/2003">
  <ItemGroup>
    <Filter Include="源文件">
      <UniqueIdentifier>{4FC737F1-C7A5-4376-A066-2A32D752A2FF}</UniqueIdentifier>
      <Extensions>cpp;c;cc;cxx;c++;cppm;ixx;def;odl;idl;hpj;bat;asm;asmx</Extensions>
    </Filter>
    <Filter Include="头文件">
      <UniqueIdentifier>{93995380-89BD-4b04-88EB-625FBE52EBFB}</UniqueIdentifier>
      <Extensions>h;hh;hpp;hxx;h++;hm;inl;inc;ipp;xsd</Extensions>
    </Filter>
    <Filter Include="资源文件">
      <UniqueIdentifier>{67DA6AB6-F800-4c08-8B7A-83BB121AAD01}</UniqueIdentifier>
      <Extensions>rc;ico;cur;bmp;dlg;rc2;rct;bin;rgs;gif;jpg;jpeg;jpe;resx;tiff;tif;png;wav;mfcribbon-ms</Extensions>
    </Filter>
    <Filter Include="源文件\Object">
      <UniqueIdentifier>{02d9666c-5376-4c2f-8e67-a7810b42b0ae}</UniqueIdentifier>
    </Filter>
    <Filter Include="头文件\Object">
      <UniqueIdentifier>{c0664354-bb05-4f54-a56d-58b9b543ae52}</UniqueIdentifier>
    </Filter>
    <Filter Include="头文件\Material">
      <UniqueIdentifier>{c75320c4-594f-412d-9253-18ba132209fc}</UniqueIdentifier>
    </Filter>
    <Filter Include="头文件\Texture">
      <UniqueIdentifier>{b765dd6b-27a2-4683-9207-50fb8bdb93b3}</UniqueIdentifier>
    </Filter>
    <Filter Include="源文件\Texture">
      <UniqueIdentifier>{2bc7ea23-ea79-47d0-aa2b-fe8939dc9f1f}</UniqueIdentifier>
    </Filter>
    <Filter Include="源文件\Material">
      <UniqueIdentifier>{e556454b-92e4-4412-b377-b99973e94f44}</UniqueIdentifier>
    </Filter>
    <Filter Include="源文件\Camera">
      <UniqueIdentifier>{1da9244a-eee6-4ea7-86ca-7cab6f1b1b5e}</UniqueIdentifier>
    </Filter>
    <Filter Include="头文件\Camera">
      <UniqueIdentifier>{9206a3c0-97bb-43c7-afd9-c80c66b5f78b}</UniqueIdentifier>
    </Filter>
    <Filter Include="头文件\Utils">
      <UniqueIdentifier>{d2f67047-b126-43b2-b780-6a8afd59b93b}</UniqueIdentifier>
    </Filter>
    <Filter Include="源文件\Utils">
      <UniqueIdentifier>{5fc68c7f-441e-48f3-a5e7-bbed9bb9250c}</UniqueIdentifier>
    </Filter>
    <Filter Include="头文件\Represent">
      <UniqueIdentifier>{caac2196-ac76-4a19-9a1c-5f7121a5d233}</UniqueIdentifier>
    </Filter>
    <Filter Include="源文件\Represent">
      <UniqueIdentifier>{f72ff38f-7066-45b2-99c0-32df5cceb571}</UniqueIdentifier>
    </Filter>
    <Filter Include="头文件\Render">
      <UniqueIdentifier>{c6a12c6a-06de-4af0-8c8b-9862d7abfc06}</UniqueIdentifier>
    </Filter>
    <Filter Include="源文件\Render">
      <UniqueIdentifier>{c66fa852-bcd4-4cce-b424-53eb55f20c29}</UniqueIdentifier>
    </Filter>
    <Filter Include="头文件\Object\Wrapper">
      <UniqueIdentifier>{cb30558b-45c6-468d-8e2b-1a4b603fa3db}</UniqueIdentifier>
    </Filter>
    <Filter Include="头文件\threeparty">
      <UniqueIdentifier>{9a8f2790-5e3b-47b5-b832-8a33e753a4b9}</UniqueIdentifier>
    </Filter>
  </ItemGroup>
  <ItemGroup>
    <ClCompile Include="main.cpp">
      <Filter>源文件</Filter>
    </ClCompile>
    <ClCompile Include="src\object\Sphere.cpp">
      <Filter>源文件\Object</Filter>
    </ClCompile>
    <ClCompile Include="src\object\Triangle.cpp">
      <Filter>源文件\Object</Filter>
    </ClCompile>
    <ClCompile Include="src\object\wrapper\Union.cpp">
      <Filter>源文件\Object</Filter>
    </ClCompile>
    <ClCompile Include="src\object\wrapper\ConstantMedium.cpp">
      <Filter>源文件\Object</Filter>
    </ClCompile>
    <ClCompile Include="src\object\wrapper\RotateZ.cpp">
      <Filter>源文件\Object</Filter>
    </ClCompile>
    <ClCompile Include="src\object\wrapper\Translate.cpp">
      <Filter>源文件\Object</Filter>
    </ClCompile>
    <ClCompile Include="src\object\wrapper\BVH.cpp">
      <Filter>源文件\Object</Filter>
    </ClCompile>
    <ClCompile Include="src\material\Lambertian.cpp">
      <Filter>源文件\Material</Filter>
    </ClCompile>
    <ClCompile Include="src\material\Diffuse.cpp">
      <Filter>源文件\Material</Filter>
    </ClCompile>
    <ClCompile Include="src\material\Metal.cpp">
      <Filter>源文件\Material</Filter>
    </ClCompile>
    <ClCompile Include="src\material\Isotropic.cpp">
      <Filter>源文件\Material</Filter>
    </ClCompile>
    <ClCompile Include="src\material\Dielectric.cpp">
      <Filter>源文件\Material</Filter>
    </ClCompile>
    <ClCompile Include="src\camera\Camera.cpp">
      <Filter>源文件\Camera</Filter>
    </ClCompile>
    <ClCompile Include="src\utils\AABB.cpp">
      <Filter>源文件\Utils</Filter>
    </ClCompile>
    <ClCompile Include="src\utils\Math.cpp">
      <Filter>源文件\Utils</Filter>
    </ClCompile>
    <ClCompile Include="src\utils\Vec2.cpp">
      <Filter>源文件\Utils</Filter>
    </ClCompile>
    <ClCompile Include="src\utils\Vec3.cpp">
      <Filter>源文件\Utils</Filter>
    </ClCompile>
    <ClCompile Include="src\camera\DOFCamera.cpp">
      <Filter>源文件\Camera</Filter>
    </ClCompile>
    <ClCompile Include="src\render\PathTracer.cpp">
      <Filter>源文件\Render</Filter>
    </ClCompile>
    <ClCompile Include="src\render\Occlusion.cpp">
      <Filter>源文件\Render</Filter>
    </ClCompile>
    <ClCompile Include="src\camera\TiltShiftCamera.cpp">
      <Filter>源文件\Camera</Filter>
    </ClCompile>
    <ClCompile Include="src\represent\D2DShow.cpp">
      <Filter>源文件\Represent</Filter>
    </ClCompile>
    <ClCompile Include="src\utils\Console.cpp">
      <Filter>源文件\Utils</Filter>
    </ClCompile>
    <ClCompile Include="src\utils\ModelLoader.cpp">
      <Filter>源文件\Utils</Filter>
    </ClCompile>
    <ClCompile Include="src\object\Model.cpp">
      <Filter>源文件\Object</Filter>
    </ClCompile>
    <ClCompile Include="src\represent\MoveableD2DShow.cpp">
      <Filter>源文件</Filter>
    </ClCompile>
    <ClCompile Include="inc\represent\MoveableD2DShow.h">
      <Filter>源文件</Filter>
    </ClCompile>
    <ClCompile Include="src\material\DiffuseLight.cpp">
      <Filter>源文件</Filter>
    </ClCompile>
    <ClCompile Include="src\texture\Image.cpp">
      <Filter>源文件</Filter>
    </ClCompile>
    <ClCompile Include="src\object\wrapper\RotateX.cpp">
      <Filter>源文件</Filter>
    </ClCompile>
  </ItemGroup>
  <ItemGroup>
    <ClInclude Include="inc\Common.h">
      <Filter>头文件</Filter>
    </ClInclude>
    <ClInclude Include="inc\object\Sphere.h">
      <Filter>头文件\Object</Filter>
    </ClInclude>
    <ClInclude Include="inc\object\Triangle.h">
      <Filter>头文件\Object</Filter>
    </ClInclude>
    <ClInclude Include="inc\object\IObject.h">
      <Filter>头文件\Object</Filter>
    </ClInclude>
    <ClInclude Include="inc\material\IMaterial.h">
      <Filter>头文件\Material</Filter>
    </ClInclude>
    <ClInclude Include="inc\texture\ITexture.h">
      <Filter>头文件\Texture</Filter>
    </ClInclude>
    <ClInclude Include="inc\texture\SolidColor.h">
      <Filter>头文件\Texture</Filter>
    </ClInclude>
    <ClInclude Include="inc\texture\Checker.h">
      <Filter>头文件\Texture</Filter>
    </ClInclude>
    <ClInclude Include="inc\material\DiffuseLight.h">
      <Filter>头文件\Material</Filter>
    </ClInclude>
    <ClInclude Include="inc\material\Lambertian.h">
      <Filter>头文件\Material</Filter>
    </ClInclude>
    <ClInclude Include="inc\material\Diffuse.h">
      <Filter>头文件\Material</Filter>
    </ClInclude>
    <ClInclude Include="inc\material\Metal.h">
      <Filter>头文件\Material</Filter>
    </ClInclude>
    <ClInclude Include="inc\material\Isotropic.h">
      <Filter>头文件\Material</Filter>
    </ClInclude>
    <ClInclude Include="inc\material\Dielectric.h">
      <Filter>头文件\Material</Filter>
    </ClInclude>
    <ClInclude Include="inc\camera\Camera.h">
      <Filter>头文件\Camera</Filter>
    </ClInclude>
    <ClInclude Include="inc\utils\Math.h">
      <Filter>头文件\Utils</Filter>
    </ClInclude>
    <ClInclude Include="inc\utils\Colors.h">
      <Filter>头文件\Utils</Filter>
    </ClInclude>
    <ClInclude Include="inc\utils\Vec2.h">
      <Filter>头文件\Utils</Filter>
    </ClInclude>
    <ClInclude Include="inc\utils\Vec3.h">
      <Filter>头文件\Utils</Filter>
    </ClInclude>
    <ClInclude Include="inc\utils\AABB.h">
      <Filter>头文件\Utils</Filter>
    </ClInclude>
    <ClInclude Include="inc\utils\Ray.h">
      <Filter>头文件\Utils</Filter>
    </ClInclude>
    <ClInclude Include="inc\camera\DOFCamera.h">
      <Filter>头文件\Camera</Filter>
    </ClInclude>
    <ClInclude Include="inc\utils\HitResult.h">
      <Filter>头文件\Utils</Filter>
    </ClInclude>
    <ClInclude Include="inc\render\IRender.h">
      <Filter>头文件\Render</Filter>
    </ClInclude>
    <ClInclude Include="inc\render\PathTracer.h">
      <Filter>头文件\Render</Filter>
    </ClInclude>
    <ClInclude Include="inc\render\Occlusion.h">
      <Filter>头文件\Render</Filter>
    </ClInclude>
    <ClInclude Include="inc\camera\TiltShiftCamera.h">
      <Filter>头文件\Camera</Filter>
    </ClInclude>
    <ClInclude Include="inc\represent\IRepresent.h">
      <Filter>头文件\Represent</Filter>
    </ClInclude>
    <ClInclude Include="inc\represent\D2DShow.h">
      <Filter>头文件\Represent</Filter>
    </ClInclude>
    <ClInclude Include="inc\utils\Console.h">
      <Filter>头文件\Utils</Filter>
    </ClInclude>
    <ClInclude Include="inc\object\wrapper\BVH.h">
      <Filter>头文件\Object\Wrapper</Filter>
    </ClInclude>
    <ClInclude Include="inc\object\wrapper\ConstantMedium.h">
      <Filter>头文件\Object\Wrapper</Filter>
    </ClInclude>
    <ClInclude Include="inc\object\wrapper\RotateZ.h">
      <Filter>头文件\Object\Wrapper</Filter>
    </ClInclude>
    <ClInclude Include="inc\object\wrapper\Union.h">
      <Filter>头文件\Object\Wrapper</Filter>
    </ClInclude>
    <ClInclude Include="inc\object\wrapper\Translate.h">
      <Filter>头文件\Object\Wrapper</Filter>
    </ClInclude>
    <ClInclude Include="inc\utils\ModelLoader.h">
      <Filter>头文件\Utils</Filter>
    </ClInclude>
    <ClInclude Include="inc\object\Model.h">
      <Filter>头文件\Object</Filter>
    </ClInclude>
    <ClInclude Include="inc\threeparty\stb_image.h">
      <Filter>头文件\threeparty</Filter>
    </ClInclude>
    <ClInclude Include="inc\threeparty\svpng.h">
      <Filter>头文件\threeparty</Filter>
    </ClInclude>
    <ClInclude Include="inc\material\Light.h">
      <Filter>头文件</Filter>
    </ClInclude>
    <ClInclude Include="inc\texture\Image.h">
      <Filter>头文件</Filter>
    </ClInclude>
    <ClInclude Include="inc\object\wrapper\RotateX.h">
      <Filter>头文件</Filter>
    </ClInclude>
  </ItemGroup>
</Project>